schema: '2.0'
stages:
  prepare:
    cmd: python src/prepare.py
    deps:
    - path: src/prepare.py
      hash: md5
      md5: cd89067cd8efdce91f6b67c77871646e
      size: 805
    outs:
    - path: data/raw
      hash: md5
      md5: 172b17a74a544f1f7617f8a6b2153055.dir
      size: 30869943
      nfiles: 2
  preprocess:
    cmd: python src/preprocess.py
    deps:
    - path: data/raw
      hash: md5
      md5: 172b17a74a544f1f7617f8a6b2153055.dir
      size: 30869943
      nfiles: 2
    - path: src/preprocess.py
      hash: md5
      md5: c7e9e9233bb079c5443e45d55bf3e199
      size: 1769
    params:
      params.yaml:
        preprocess.seed: 42
        preprocess.test_size: 0.1
    outs:
    - path: data/processed
      hash: md5
      md5: 993713c1f3633a4cfce36825a84bec33.dir
      size: 45992021
      nfiles: 3
  train:
    cmd: python src/train.py
    deps:
    - path: data/processed
      hash: md5
      md5: 993713c1f3633a4cfce36825a84bec33.dir
      size: 45992021
      nfiles: 3
    - path: src/train.py
      hash: md5
      md5: 679ce89412a6ec4f5d6cb065f0b32d39
      size: 2660
    params:
      params.yaml:
        train.batch_size: 128
        train.dense_units: 256
        train.dropout_rate: 0.25
        train.epochs: 8
        train.learning_rate: 0.001
        train.seed: 42
    outs:
    - path: models/history.csv
      hash: md5
      md5: 704cd2542d53147019ad0adbac7b8dde
      size: 680
    - path: models/model.h5
      hash: md5
      md5: 14552e03bc0f5492bb4e2ff9d8677c27
      size: 2466904
  evaluate:
    cmd: python src/evaluate.py
    deps:
    - path: data/processed/test.npz
      hash: md5
      md5: 119122abaa49a0188ad850c86258a102
      size: 6594678
    - path: models/model.h5
      hash: md5
      md5: 14552e03bc0f5492bb4e2ff9d8677c27
      size: 2466904
    - path: src/evaluate.py
      hash: md5
      md5: 659c841b0a88e7f11abeb6ce74b89213
      size: 2134
    outs:
    - path: metrics.json
      hash: md5
      md5: 8c28b03cb376c6f3fc1afce3b39eda42
      size: 80
    - path: models/confusion_matrix.png
      hash: md5
      md5: 43699d0560d519768e72a574884db947
      size: 145955
